Microsoft Visual Studio Solution File, Format Version 12.00
# Visual Studio Version 17
VisualStudioVersion = 17.5.2.0
MinimumVisualStudioVersion = 10.0.40219.1
Project("{2150E333-8FDC-42A3-9474-1A3956D46DE8}") = "back-end", "back-end", "{B670D836-3F3F-1B65-310F-B37E3F845B14}"
EndProject
Project("{2150E333-8FDC-42A3-9474-1A3956D46DE8}") = "tests", "tests", "{95A9194C-B4C0-29B3-703C-DECBAB3B4022}"
EndProject
Project("{FAE04EC0-301F-11D3-BF4B-00C04F79EFBC}") = "CommonTestUtilities", "back-end\tests\CommonTestUtilities\CommonTestUtilities.csproj", "{09F8CFBF-8477-9736-8AA2-BA30A808E339}"
EndProject
Project("{FAE04EC0-301F-11D3-BF4B-00C04F79EFBC}") = "UseCases.Test", "back-end\tests\UseCases.Test\UseCases.Test.csproj", "{B51D1EDA-9713-AB35-4D23-3FB329D4BA50}"
EndProject
Project("{FAE04EC0-301F-11D3-BF4B-00C04F79EFBC}") = "Validators.Test", "back-end\tests\Validators.Test\Validators.Test.csproj", "{4D21DA7A-BF79-9BF0-4294-732CE74E8367}"
EndProject
Project("{FAE04EC0-301F-11D3-BF4B-00C04F79EFBC}") = "WebApi.Test", "back-end\tests\WebApi.Test\WebApi.Test.csproj", "{D9F022B6-A11E-B69D-FEBA-A71D342AEC3E}"
EndProject
Project("{2150E333-8FDC-42A3-9474-1A3956D46DE8}") = "src", "src", "{DCB60663-69B5-C6BE-AF7F-191EB41D59AE}"
EndProject
Project("{2150E333-8FDC-42A3-9474-1A3956D46DE8}") = "backend", "backend", "{EF13F34D-D33C-91CD-87FF-391D1722F4FC}"
EndProject
Project("{FAE04EC0-301F-11D3-BF4B-00C04F79EFBC}") = "Sleep.Api", "back-end\src\backend\Sleep.Api\Sleep.Api.csproj", "{EC2420AB-FA7E-D9A7-0198-9480F347D803}"
EndProject
Project("{FAE04EC0-301F-11D3-BF4B-00C04F79EFBC}") = "Sleep.Application", "back-end\src\backend\Sleep.Application\Sleep.Application.csproj", "{9C15F059-B13F-B19F-C82C-26FFDA1E5750}"
EndProject
Project("{FAE04EC0-301F-11D3-BF4B-00C04F79EFBC}") = "Sleep.Domain", "back-end\src\backend\Sleep.Domain\Sleep.Domain.csproj", "{B23A7553-095B-2592-FDC9-81B9D48FAF37}"
EndProject
Project("{2150E333-8FDC-42A3-9474-1A3956D46DE8}") = "Sleep.Infrasctucture", "Sleep.Infrasctucture", "{4BAA837C-2FE5-4DA1-7C5F-A13012B9620B}"
EndProject
Project("{FAE04EC0-301F-11D3-BF4B-00C04F79EFBC}") = "Sleep.Infrasctructure", "back-end\src\backend\Sleep.Infrasctucture\Sleep.Infrasctructure.csproj", "{1ACB1908-5502-1952-95F9-7209C49EAB29}"
EndProject
Project("{2150E333-8FDC-42A3-9474-1A3956D46DE8}") = "shared", "shared", "{2D0395CE-C270-2A9B-980F-1899FEF19366}"
EndProject
Project("{FAE04EC0-301F-11D3-BF4B-00C04F79EFBC}") = "Sleep.Communication", "back-end\src\shared\Sleep.Communication\Sleep.Communication.csproj", "{B6500405-C07F-91AF-058B-2D5A7AED217A}"
EndProject
Project("{FAE04EC0-301F-11D3-BF4B-00C04F79EFBC}") = "Sleep.Exceptions", "back-end\src\shared\Sleep.Exceptions\Sleep.Exceptions.csproj", "{8C48DB36-5BD1-93D1-7782-9A5DC2D0EE80}"
EndProject
Project("{2150E333-8FDC-42A3-9474-1A3956D46DE8}") = "Wallet.Communication", "Wallet.Communication", "{9F27FCBD-493E-26FF-2D8E-192D4E0EFBED}"
EndProject
Project("{FAE04EC0-301F-11D3-BF4B-00C04F79EFBC}") = "Sleep.Communication", "back-end\src\shared\Wallet.Communication\Sleep.Communication.csproj", "{93A58069-EF64-CB47-C2F5-CA0BA1233F72}"
EndProject
Global
	GlobalSection(SolutionConfigurationPlatforms) = preSolution
		Debug|Any CPU = Debug|Any CPU
		Release|Any CPU = Release|Any CPU
	EndGlobalSection
	GlobalSection(ProjectConfigurationPlatforms) = postSolution
		{09F8CFBF-8477-9736-8AA2-BA30A808E339}.Debug|Any CPU.ActiveCfg = Debug|Any CPU
		{09F8CFBF-8477-9736-8AA2-BA30A808E339}.Debug|Any CPU.Build.0 = Debug|Any CPU
		{09F8CFBF-8477-9736-8AA2-BA30A808E339}.Release|Any CPU.ActiveCfg = Release|Any CPU
		{09F8CFBF-8477-9736-8AA2-BA30A808E339}.Release|Any CPU.Build.0 = Release|Any CPU
		{B51D1EDA-9713-AB35-4D23-3FB329D4BA50}.Debug|Any CPU.ActiveCfg = Debug|Any CPU
		{B51D1EDA-9713-AB35-4D23-3FB329D4BA50}.Debug|Any CPU.Build.0 = Debug|Any CPU
		{B51D1EDA-9713-AB35-4D23-3FB329D4BA50}.Release|Any CPU.ActiveCfg = Release|Any CPU
		{B51D1EDA-9713-AB35-4D23-3FB329D4BA50}.Release|Any CPU.Build.0 = Release|Any CPU
		{4D21DA7A-BF79-9BF0-4294-732CE74E8367}.Debug|Any CPU.ActiveCfg = Debug|Any CPU
		{4D21DA7A-BF79-9BF0-4294-732CE74E8367}.Debug|Any CPU.Build.0 = Debug|Any CPU
		{4D21DA7A-BF79-9BF0-4294-732CE74E8367}.Release|Any CPU.ActiveCfg = Release|Any CPU
		{4D21DA7A-BF79-9BF0-4294-732CE74E8367}.Release|Any CPU.Build.0 = Release|Any CPU
		{D9F022B6-A11E-B69D-FEBA-A71D342AEC3E}.Debug|Any CPU.ActiveCfg = Debug|Any CPU
		{D9F022B6-A11E-B69D-FEBA-A71D342AEC3E}.Debug|Any CPU.Build.0 = Debug|Any CPU
		{D9F022B6-A11E-B69D-FEBA-A71D342AEC3E}.Release|Any CPU.ActiveCfg = Release|Any CPU
		{D9F022B6-A11E-B69D-FEBA-A71D342AEC3E}.Release|Any CPU.Build.0 = Release|Any CPU
		{EC2420AB-FA7E-D9A7-0198-9480F347D803}.Debug|Any CPU.ActiveCfg = Debug|Any CPU
		{EC2420AB-FA7E-D9A7-0198-9480F347D803}.Debug|Any CPU.Build.0 = Debug|Any CPU
		{EC2420AB-FA7E-D9A7-0198-9480F347D803}.Release|Any CPU.ActiveCfg = Release|Any CPU
		{EC2420AB-FA7E-D9A7-0198-9480F347D803}.Release|Any CPU.Build.0 = Release|Any CPU
		{9C15F059-B13F-B19F-C82C-26FFDA1E5750}.Debug|Any CPU.ActiveCfg = Debug|Any CPU
		{9C15F059-B13F-B19F-C82C-26FFDA1E5750}.Debug|Any CPU.Build.0 = Debug|Any CPU
		{9C15F059-B13F-B19F-C82C-26FFDA1E5750}.Release|Any CPU.ActiveCfg = Release|Any CPU
		{9C15F059-B13F-B19F-C82C-26FFDA1E5750}.Release|Any CPU.Build.0 = Release|Any CPU
		{B23A7553-095B-2592-FDC9-81B9D48FAF37}.Debug|Any CPU.ActiveCfg = Debug|Any CPU
		{B23A7553-095B-2592-FDC9-81B9D48FAF37}.Debug|Any CPU.Build.0 = Debug|Any CPU
		{B23A7553-095B-2592-FDC9-81B9D48FAF37}.Release|Any CPU.ActiveCfg = Release|Any CPU
		{B23A7553-095B-2592-FDC9-81B9D48FAF37}.Release|Any CPU.Build.0 = Release|Any CPU
		{1ACB1908-5502-1952-95F9-7209C49EAB29}.Debug|Any CPU.ActiveCfg = Debug|Any CPU
		{1ACB1908-5502-1952-95F9-7209C49EAB29}.Debug|Any CPU.Build.0 = Debug|Any CPU
		{1ACB1908-5502-1952-95F9-7209C49EAB29}.Release|Any CPU.ActiveCfg = Release|Any CPU
		{1ACB1908-5502-1952-95F9-7209C49EAB29}.Release|Any CPU.Build.0 = Release|Any CPU
		{B6500405-C07F-91AF-058B-2D5A7AED217A}.Debug|Any CPU.ActiveCfg = Debug|Any CPU
		{B6500405-C07F-91AF-058B-2D5A7AED217A}.Debug|Any CPU.Build.0 = Debug|Any CPU
		{B6500405-C07F-91AF-058B-2D5A7AED217A}.Release|Any CPU.ActiveCfg = Release|Any CPU
		{B6500405-C07F-91AF-058B-2D5A7AED217A}.Release|Any CPU.Build.0 = Release|Any CPU
		{8C48DB36-5BD1-93D1-7782-9A5DC2D0EE80}.Debug|Any CPU.ActiveCfg = Debug|Any CPU
		{8C48DB36-5BD1-93D1-7782-9A5DC2D0EE80}.Debug|Any CPU.Build.0 = Debug|Any CPU
		{8C48DB36-5BD1-93D1-7782-9A5DC2D0EE80}.Release|Any CPU.ActiveCfg = Release|Any CPU
		{8C48DB36-5BD1-93D1-7782-9A5DC2D0EE80}.Release|Any CPU.Build.0 = Release|Any CPU
		{93A58069-EF64-CB47-C2F5-CA0BA1233F72}.Debug|Any CPU.ActiveCfg = Debug|Any CPU
		{93A58069-EF64-CB47-C2F5-CA0BA1233F72}.Debug|Any CPU.Build.0 = Debug|Any CPU
		{93A58069-EF64-CB47-C2F5-CA0BA1233F72}.Release|Any CPU.ActiveCfg = Release|Any CPU
		{93A58069-EF64-CB47-C2F5-CA0BA1233F72}.Release|Any CPU.Build.0 = Release|Any CPU
	EndGlobalSection
	GlobalSection(SolutionProperties) = preSolution
		HideSolutionNode = FALSE
	EndGlobalSection
	GlobalSection(NestedProjects) = preSolution
		{95A9194C-B4C0-29B3-703C-DECBAB3B4022} = {B670D836-3F3F-1B65-310F-B37E3F845B14}
		{09F8CFBF-8477-9736-8AA2-BA30A808E339} = {95A9194C-B4C0-29B3-703C-DECBAB3B4022}
		{B51D1EDA-9713-AB35-4D23-3FB329D4BA50} = {95A9194C-B4C0-29B3-703C-DECBAB3B4022}
		{4D21DA7A-BF79-9BF0-4294-732CE74E8367} = {95A9194C-B4C0-29B3-703C-DECBAB3B4022}
		{D9F022B6-A11E-B69D-FEBA-A71D342AEC3E} = {95A9194C-B4C0-29B3-703C-DECBAB3B4022}
		{DCB60663-69B5-C6BE-AF7F-191EB41D59AE} = {B670D836-3F3F-1B65-310F-B37E3F845B14}
		{EF13F34D-D33C-91CD-87FF-391D1722F4FC} = {DCB60663-69B5-C6BE-AF7F-191EB41D59AE}
		{EC2420AB-FA7E-D9A7-0198-9480F347D803} = {EF13F34D-D33C-91CD-87FF-391D1722F4FC}
		{9C15F059-B13F-B19F-C82C-26FFDA1E5750} = {EF13F34D-D33C-91CD-87FF-391D1722F4FC}
		{B23A7553-095B-2592-FDC9-81B9D48FAF37} = {EF13F34D-D33C-91CD-87FF-391D1722F4FC}
		{4BAA837C-2FE5-4DA1-7C5F-A13012B9620B} = {EF13F34D-D33C-91CD-87FF-391D1722F4FC}
		{1ACB1908-5502-1952-95F9-7209C49EAB29} = {4BAA837C-2FE5-4DA1-7C5F-A13012B9620B}
		{2D0395CE-C270-2A9B-980F-1899FEF19366} = {DCB60663-69B5-C6BE-AF7F-191EB41D59AE}
		{B6500405-C07F-91AF-058B-2D5A7AED217A} = {2D0395CE-C270-2A9B-980F-1899FEF19366}
		{8C48DB36-5BD1-93D1-7782-9A5DC2D0EE80} = {2D0395CE-C270-2A9B-980F-1899FEF19366}
		{9F27FCBD-493E-26FF-2D8E-192D4E0EFBED} = {2D0395CE-C270-2A9B-980F-1899FEF19366}
		{93A58069-EF64-CB47-C2F5-CA0BA1233F72} = {9F27FCBD-493E-26FF-2D8E-192D4E0EFBED}
	EndGlobalSection
	GlobalSection(ExtensibilityGlobals) = postSolution
		SolutionGuid = {613CB42F-C1D5-4E90-801B-21C19C65B39E}
	EndGlobalSection
EndGlobal
